{
    "_readme": [
        "This file locks the dependencies of your project to a known state",
        "Read more about it at https://getcomposer.org/doc/01-basic-usage.md#installing-dependencies",
        "This file is @generated automatically"
    ],
    "content-hash": "8bb0df421b807900e811da42d7a55eca",
    "packages": [
        {
            "name": "symplify/easy-coding-standard",
            "version": "10.1.1",
            "source": {
                "type": "git",
                "url": "https://github.com/symplify/easy-coding-standard.git",
                "reference": "b1411f67beb52560c8300d8e007ccd8ca40007aa"
            },
            "dist": {
                "type": "zip",
                "url": "https://api.github.com/repos/symplify/easy-coding-standard/zipball/b1411f67beb52560c8300d8e007ccd8ca40007aa",
                "reference": "b1411f67beb52560c8300d8e007ccd8ca40007aa",
                "shasum": ""
            },
            "require": {
                "php": ">=7.1"
            },
            "conflict": {
                "friendsofphp/php-cs-fixer": "<3.0",
                "squizlabs/php_codesniffer": "<3.6"
            },
            "bin": [
                "bin/ecs"
            ],
            "type": "library",
            "extra": {
                "branch-alias": {
                    "dev-main": "9.5-dev"
                }
            },
            "autoload": {
                "files": [
                    "bootstrap.php"
                ]
            },
            "notification-url": "https://packagist.org/downloads/",
            "license": [
                "MIT"
            ],
            "description": "Prefixed scoped version of ECS package",
            "support": {
                "source": "https://github.com/symplify/easy-coding-standard/tree/10.1.1"
            },
            "funding": [
                {
                    "url": "https://www.paypal.me/rectorphp",
                    "type": "custom"
                },
                {
                    "url": "https://github.com/tomasvotruba",
                    "type": "github"
                }
            ],
            "time": "2022-03-03T17:24:37+00:00"
        }
    ],
    "packages-dev": [],
    "aliases": [],
    "minimum-stability": "stable",
    "stability-flags": [],
    "prefer-stable": false,
    "prefer-lowest": false,
    "platform": {
        "php": "^7.2.5|^8.0.2"
    },
    "platform-dev": [],
    "plugin-api-version": "2.2.0"
}
